
Microsoft Visual Studio Solution File, Format Version 12.00
# Visual Studio Version 16
VisualStudioVersion = 16.0.34407.143
MinimumVisualStudioVersion = 10.0.40219.1
Project("{FAE04EC0-301F-11D3-BF4B-00C04F79EFBC}") = "JobPortal", "JobPortal\JobPortal.csproj", "{E2AAAE2D-A19C-44C5-8E86-643C53944D36}"
EndProject
Project("{FAE04EC0-301F-11D3-BF4B-00C04F79EFBC}") = "MyEF", "MyEF\MyEF.csproj", "{D76DC5DA-E810-4819-9968-A8E90E24DD58}"
EndProject
Global
	GlobalSection(SolutionConfigurationPlatforms) = preSolution
		Debug|Any CPU = Debug|Any CPU
		Release|Any CPU = Release|Any CPU
	EndGlobalSection
	GlobalSection(ProjectConfigurationPlatforms) = postSolution
		{E2AAAE2D-A19C-44C5-8E86-643C53944D36}.Debug|Any CPU.ActiveCfg = Debug|Any CPU
		{E2AAAE2D-A19C-44C5-8E86-643C53944D36}.Debug|Any CPU.Build.0 = Debug|Any CPU
		{E2AAAE2D-A19C-44C5-8E86-643C53944D36}.Release|Any CPU.ActiveCfg = Release|Any CPU
		{E2AAAE2D-A19C-44C5-8E86-643C53944D36}.Release|Any CPU.Build.0 = Release|Any CPU
		{D76DC5DA-E810-4819-9968-A8E90E24DD58}.Debug|Any CPU.ActiveCfg = Debug|Any CPU
		{D76DC5DA-E810-4819-9968-A8E90E24DD58}.Debug|Any CPU.Build.0 = Debug|Any CPU
		{D76DC5DA-E810-4819-9968-A8E90E24DD58}.Release|Any CPU.ActiveCfg = Release|Any CPU
		{D76DC5DA-E810-4819-9968-A8E90E24DD58}.Release|Any CPU.Build.0 = Release|Any CPU
	EndGlobalSection
	GlobalSection(SolutionProperties) = preSolution
		HideSolutionNode = FALSE
	EndGlobalSection
	GlobalSection(ExtensibilityGlobals) = postSolution
		SolutionGuid = {4F56D27A-6DDC-431E-BC71-77309916EE42}
	EndGlobalSection
EndGlobal
